// !$*UTF8*$!
{
	archiveVersion = 1;
	classes = {
	};
	objectVersion = 56;
	objects = {

/* Begin PBXBuildFile section */
		04F1924A2BCE69BC0068376C /* AppDelegate.swift in Sources */ = {isa = PBXBuildFile; fileRef = 04F192492BCE69BC0068376C /* AppDelegate.swift */; };
		04F1924C2BCE69BC0068376C /* SceneDelegate.swift in Sources */ = {isa = PBXBuildFile; fileRef = 04F1924B2BCE69BC0068376C /* SceneDelegate.swift */; };
		04F1924E2BCE69BC0068376C /* ViewController.swift in Sources */ = {isa = PBXBuildFile; fileRef = 04F1924D2BCE69BC0068376C /* ViewController.swift */; };
		04F192512BCE69BC0068376C /* Base in Resources */ = {isa = PBXBuildFile; fileRef = 04F192502BCE69BC0068376C /* Base */; };
		04F192532BCE69BD0068376C /* Assets.xcassets in Resources */ = {isa = PBXBuildFile; fileRef = 04F192522BCE69BD0068376C /* Assets.xcassets */; };
		04F192562BCE69BD0068376C /* Base in Resources */ = {isa = PBXBuildFile; fileRef = 04F192552BCE69BD0068376C /* Base */; };
		04F192612BCE69BD0068376C /* iOSBoilerplateTests.swift in Sources */ = {isa = PBXBuildFile; fileRef = 04F192602BCE69BD0068376C /* iOSBoilerplateTests.swift */; };
		04F1926B2BCE69BD0068376C /* iOSBoilerplateUITests.swift in Sources */ = {isa = PBXBuildFile; fileRef = 04F1926A2BCE69BD0068376C /* iOSBoilerplateUITests.swift */; };
		04F1926D2BCE69BD0068376C /* iOSBoilerplateUITestsLaunchTests.swift in Sources */ = {isa = PBXBuildFile; fileRef = 04F1926C2BCE69BD0068376C /* iOSBoilerplateUITestsLaunchTests.swift */; };
/* End PBXBuildFile section */

/* Begin PBXContainerItemProxy section */
		04F1925D2BCE69BD0068376C /* PBXContainerItemProxy */ = {
			isa = PBXContainerItemProxy;
			containerPortal = 04F1923E2BCE69BC0068376C /* Project object */;
			proxyType = 1;
			remoteGlobalIDString = 04F192452BCE69BC0068376C;
			remoteInfo = iOSBoilerplate;
		};
		04F192672BCE69BD0068376C /* PBXContainerItemProxy */ = {
			isa = PBXContainerItemProxy;
			containerPortal = 04F1923E2BCE69BC0068376C /* Project object */;
			proxyType = 1;
			remoteGlobalIDString = 04F192452BCE69BC0068376C;
			remoteInfo = iOSBoilerplate;
		};
/* End PBXContainerItemProxy section */

/* Begin PBXFileReference section */
		04F192462BCE69BC0068376C /* iOSBoilerplate.app */ = {isa = PBXFileReference; explicitFileType = wrapper.application; includeInIndex = 0; path = iOSBoilerplate.app; sourceTree = BUILT_PRODUCTS_DIR; };
		04F192492BCE69BC0068376C /* AppDelegate.swift */ = {isa = PBXFileReference; lastKnownFileType = sourcecode.swift; path = AppDelegate.swift; sourceTree = "<group>"; };
		04F1924B2BCE69BC0068376C /* SceneDelegate.swift */ = {isa = PBXFileReference; lastKnownFileType = sourcecode.swift; path = SceneDelegate.swift; sourceTree = "<group>"; };
		04F1924D2BCE69BC0068376C /* ViewController.swift */ = {isa = PBXFileReference; lastKnownFileType = sourcecode.swift; path = ViewController.swift; sourceTree = "<group>"; };
		04F192502BCE69BC0068376C /* Base */ = {isa = PBXFileReference; lastKnownFileType = file.storyboard; name = Base; path = Base.lproj/Main.storyboard; sourceTree = "<group>"; };
		04F192522BCE69BD0068376C /* Assets.xcassets */ = {isa = PBXFileReference; lastKnownFileType = folder.assetcatalog; path = Assets.xcassets; sourceTree = "<group>"; };
		04F192552BCE69BD0068376C /* Base */ = {isa = PBXFileReference; lastKnownFileType = file.storyboard; name = Base; path = Base.lproj/LaunchScreen.storyboard; sourceTree = "<group>"; };
		04F192572BCE69BD0068376C /* Info.plist */ = {isa = PBXFileReference; lastKnownFileType = text.plist.xml; path = Info.plist; sourceTree = "<group>"; };
		04F1925C2BCE69BD0068376C /* iOSBoilerplateTests.xctest */ = {isa = PBXFileReference; explicitFileType = wrapper.cfbundle; includeInIndex = 0; path = iOSBoilerplateTests.xctest; sourceTree = BUILT_PRODUCTS_DIR; };
		04F192602BCE69BD0068376C /* iOSBoilerplateTests.swift */ = {isa = PBXFileReference; lastKnownFileType = sourcecode.swift; path = iOSBoilerplateTests.swift; sourceTree = "<group>"; };
		04F192662BCE69BD0068376C /* iOSBoilerplateUITests.xctest */ = {isa = PBXFileReference; explicitFileType = wrapper.cfbundle; includeInIndex = 0; path = iOSBoilerplateUITests.xctest; sourceTree = BUILT_PRODUCTS_DIR; };
		04F1926A2BCE69BD0068376C /* iOSBoilerplateUITests.swift */ = {isa = PBXFileReference; lastKnownFileType = sourcecode.swift; path = iOSBoilerplateUITests.swift; sourceTree = "<group>"; };
		04F1926C2BCE69BD0068376C /* iOSBoilerplateUITestsLaunchTests.swift */ = {isa = PBXFileReference; lastKnownFileType = sourcecode.swift; path = iOSBoilerplateUITestsLaunchTests.swift; sourceTree = "<group>"; };
/* End PBXFileReference section */

/* Begin PBXFrameworksBuildPhase section */
		04F192432BCE69BC0068376C /* Frameworks */ = {
			isa = PBXFrameworksBuildPhase;
			buildActionMask = 2147483647;
			files = (
			);
			runOnlyForDeploymentPostprocessing = 0;
		};
		04F192592BCE69BD0068376C /* Frameworks */ = {
			isa = PBXFrameworksBuildPhase;
			buildActionMask = 2147483647;
			files = (
			);
			runOnlyForDeploymentPostprocessing = 0;
		};
		04F192632BCE69BD0068376C /* Frameworks */ = {
			isa = PBXFrameworksBuildPhase;
			buildActionMask = 2147483647;
			files = (
			);
			runOnlyForDeploymentPostprocessing = 0;
		};
/* End PBXFrameworksBuildPhase section */

/* Begin PBXGroup section */
		04F1923D2BCE69BC0068376C = {
			isa = PBXGroup;
			children = (
				04F192482BCE69BC0068376C /* iOSBoilerplate */,
				04F1925F2BCE69BD0068376C /* iOSBoilerplateTests */,
				04F192692BCE69BD0068376C /* iOSBoilerplateUITests */,
				04F192472BCE69BC0068376C /* Products */,
			);
			sourceTree = "<group>";
		};
		04F192472BCE69BC0068376C /* Products */ = {
			isa = PBXGroup;
			children = (
				04F192462BCE69BC0068376C /* iOSBoilerplate.app */,
				04F1925C2BCE69BD0068376C /* iOSBoilerplateTests.xctest */,
				04F192662BCE69BD0068376C /* iOSBoilerplateUITests.xctest */,
			);
			name = Products;
			sourceTree = "<group>";
		};
		04F192482BCE69BC0068376C /* iOSBoilerplate */ = {
			isa = PBXGroup;
			children = (
				04F192492BCE69BC0068376C /* AppDelegate.swift */,
				04F1924B2BCE69BC0068376C /* SceneDelegate.swift */,
				04F1924D2BCE69BC0068376C /* ViewController.swift */,
				04F1924F2BCE69BC0068376C /* Main.storyboard */,
				04F192522BCE69BD0068376C /* Assets.xcassets */,
				04F192542BCE69BD0068376C /* LaunchScreen.storyboard */,
				04F192572BCE69BD0068376C /* Info.plist */,
			);
			path = iOSBoilerplate;
			sourceTree = "<group>";
		};
		04F1925F2BCE69BD0068376C /* iOSBoilerplateTests */ = {
			isa = PBXGroup;
			children = (
				04F192602BCE69BD0068376C /* iOSBoilerplateTests.swift */,
			);
			path = iOSBoilerplateTests;
			sourceTree = "<group>";
		};
		04F192692BCE69BD0068376C /* iOSBoilerplateUITests */ = {
			isa = PBXGroup;
			children = (
				04F1926A2BCE69BD0068376C /* iOSBoilerplateUITests.swift */,
				04F1926C2BCE69BD0068376C /* iOSBoilerplateUITestsLaunchTests.swift */,
			);
			path = iOSBoilerplateUITests;
			sourceTree = "<group>";
		};
/* End PBXGroup section */

/* Begin PBXNativeTarget section */
		04F192452BCE69BC0068376C /* iOSBoilerplate */ = {
			isa = PBXNativeTarget;
			buildConfigurationList = 04F192702BCE69BD0068376C /* Build configuration list for PBXNativeTarget "iOSBoilerplate" */;
			buildPhases = (
				04F192422BCE69BC0068376C /* Sources */,
				04F192432BCE69BC0068376C /* Frameworks */,
				04F192442BCE69BC0068376C /* Resources */,
			);
			buildRules = (
			);
			dependencies = (
			);
			name = iOSBoilerplate;
			productName = iOSBoilerplate;
			productReference = 04F192462BCE69BC0068376C /* iOSBoilerplate.app */;
			productType = "com.apple.product-type.application";
		};
		04F1925B2BCE69BD0068376C /* iOSBoilerplateTests */ = {
			isa = PBXNativeTarget;
			buildConfigurationList = 04F192732BCE69BD0068376C /* Build configuration list for PBXNativeTarget "iOSBoilerplateTests" */;
			buildPhases = (
				04F192582BCE69BD0068376C /* Sources */,
				04F192592BCE69BD0068376C /* Frameworks */,
				04F1925A2BCE69BD0068376C /* Resources */,
			);
			buildRules = (
			);
			dependencies = (
				04F1925E2BCE69BD0068376C /* PBXTargetDependency */,
			);
			name = iOSBoilerplateTests;
			productName = iOSBoilerplateTests;
			productReference = 04F1925C2BCE69BD0068376C /* iOSBoilerplateTests.xctest */;
			productType = "com.apple.product-type.bundle.unit-test";
		};
		04F192652BCE69BD0068376C /* iOSBoilerplateUITests */ = {
			isa = PBXNativeTarget;
			buildConfigurationList = 04F192762BCE69BD0068376C /* Build configuration list for PBXNativeTarget "iOSBoilerplateUITests" */;
			buildPhases = (
				04F192622BCE69BD0068376C /* Sources */,
				04F192632BCE69BD0068376C /* Frameworks */,
				04F192642BCE69BD0068376C /* Resources */,
			);
			buildRules = (
			);
			dependencies = (
				04F192682BCE69BD0068376C /* PBXTargetDependency */,
			);
			name = iOSBoilerplateUITests;
			productName = iOSBoilerplateUITests;
			productReference = 04F192662BCE69BD0068376C /* iOSBoilerplateUITests.xctest */;
			productType = "com.apple.product-type.bundle.ui-testing";
		};
/* End PBXNativeTarget section */

/* Begin PBXProject section */
		04F1923E2BCE69BC0068376C /* Project object */ = {
			isa = PBXProject;
			attributes = {
				BuildIndependentTargetsInParallel = 1;
				LastSwiftUpdateCheck = 1530;
				LastUpgradeCheck = 1530;
				TargetAttributes = {
					04F192452BCE69BC0068376C = {
						CreatedOnToolsVersion = 15.3;
					};
					04F1925B2BCE69BD0068376C = {
						CreatedOnToolsVersion = 15.3;
						TestTargetID = 04F192452BCE69BC0068376C;
					};
					04F192652BCE69BD0068376C = {
						CreatedOnToolsVersion = 15.3;
						TestTargetID = 04F192452BCE69BC0068376C;
					};
				};
			};
			buildConfigurationList = 04F192412BCE69BC0068376C /* Build configuration list for PBXProject "iOSBoilerplate" */;
			compatibilityVersion = "Xcode 14.0";
			developmentRegion = en;
			hasScannedForEncodings = 0;
			knownRegions = (
				en,
				Base,
			);
			mainGroup = 04F1923D2BCE69BC0068376C;
			productRefGroup = 04F192472BCE69BC0068376C /* Products */;
			projectDirPath = "";
			projectRoot = "";
			targets = (
				04F192452BCE69BC0068376C /* iOSBoilerplate */,
				04F1925B2BCE69BD0068376C /* iOSBoilerplateTests */,
				04F192652BCE69BD0068376C /* iOSBoilerplateUITests */,
			);
		};
/* End PBXProject section */

/* Begin PBXResourcesBuildPhase section */
		04F192442BCE69BC0068376C /* Resources */ = {
			isa = PBXResourcesBuildPhase;
			buildActionMask = 2147483647;
			files = (
				04F192532BCE69BD0068376C /* Assets.xcassets in Resources */,
				04F192562BCE69BD0068376C /* Base in Resources */,
				04F192512BCE69BC0068376C /* Base in Resources */,
			);
			runOnlyForDeploymentPostprocessing = 0;
		};
		04F1925A2BCE69BD0068376C /* Resources */ = {
			isa = PBXResourcesBuildPhase;
			buildActionMask = 2147483647;
			files = (
			);
			runOnlyForDeploymentPostprocessing = 0;
		};
		04F192642BCE69BD0068376C /* Resources */ = {
			isa = PBXResourcesBuildPhase;
			buildActionMask = 2147483647;
			files = (
			);
			runOnlyForDeploymentPostprocessing = 0;
		};
/* End PBXResourcesBuildPhase section */

/* Begin PBXSourcesBuildPhase section */
		04F192422BCE69BC0068376C /* Sources */ = {
			isa = PBXSourcesBuildPhase;
			buildActionMask = 2147483647;
			files = (
				04F1924E2BCE69BC0068376C /* ViewController.swift in Sources */,
				04F1924A2BCE69BC0068376C /* AppDelegate.swift in Sources */,
				04F1924C2BCE69BC0068376C /* SceneDelegate.swift in Sources */,
			);
			runOnlyForDeploymentPostprocessing = 0;
		};
		04F192582BCE69BD0068376C /* Sources */ = {
			isa = PBXSourcesBuildPhase;
			buildActionMask = 2147483647;
			files = (
				04F192612BCE69BD0068376C /* iOSBoilerplateTests.swift in Sources */,
			);
			runOnlyForDeploymentPostprocessing = 0;
		};
		04F192622BCE69BD0068376C /* Sources */ = {
			isa = PBXSourcesBuildPhase;
			buildActionMask = 2147483647;
			files = (
				04F1926D2BCE69BD0068376C /* iOSBoilerplateUITestsLaunchTests.swift in Sources */,
				04F1926B2BCE69BD0068376C /* iOSBoilerplateUITests.swift in Sources */,
			);
			runOnlyForDeploymentPostprocessing = 0;
		};
/* End PBXSourcesBuildPhase section */

/* Begin PBXTargetDependency section */
		04F1925E2BCE69BD0068376C /* PBXTargetDependency */ = {
			isa = PBXTargetDependency;
			target = 04F192452BCE69BC0068376C /* iOSBoilerplate */;
			targetProxy = 04F1925D2BCE69BD0068376C /* PBXContainerItemProxy */;
		};
		04F192682BCE69BD0068376C /* PBXTargetDependency */ = {
			isa = PBXTargetDependency;
			target = 04F192452BCE69BC0068376C /* iOSBoilerplate */;
			targetProxy = 04F192672BCE69BD0068376C /* PBXContainerItemProxy */;
		};
/* End PBXTargetDependency section */

/* Begin PBXVariantGroup section */
		04F1924F2BCE69BC0068376C /* Main.storyboard */ = {
			isa = PBXVariantGroup;
			children = (
				04F192502BCE69BC0068376C /* Base */,
			);
			name = Main.storyboard;
			sourceTree = "<group>";
		};
		04F192542BCE69BD0068376C /* LaunchScreen.storyboard */ = {
			isa = PBXVariantGroup;
			children = (
				04F192552BCE69BD0068376C /* Base */,
			);
			name = LaunchScreen.storyboard;
			sourceTree = "<group>";
		};
/* End PBXVariantGroup section */

/* Begin XCBuildConfiguration section */
		04F1926E2BCE69BD0068376C /* Debug */ = {
			isa = XCBuildConfiguration;
			buildSettings = {
				ALWAYS_SEARCH_USER_PATHS = NO;
				ASSETCATALOG_COMPILER_GENERATE_SWIFT_ASSET_SYMBOL_EXTENSIONS = YES;
				CLANG_ANALYZER_NONNULL = YES;
				CLANG_ANALYZER_NUMBER_OBJECT_CONVERSION = YES_AGGRESSIVE;
				CLANG_CXX_LANGUAGE_STANDARD = "gnu++20";
				CLANG_ENABLE_MODULES = YES;
				CLANG_ENABLE_OBJC_ARC = YES;
				CLANG_ENABLE_OBJC_WEAK = YES;
				CLANG_WARN_BLOCK_CAPTURE_AUTORELEASING = YES;
				CLANG_WARN_BOOL_CONVERSION = YES;
				CLANG_WARN_COMMA = YES;
				CLANG_WARN_CONSTANT_CONVERSION = YES;
				CLANG_WARN_DEPRECATED_OBJC_IMPLEMENTATIONS = YES;
				CLANG_WARN_DIRECT_OBJC_ISA_USAGE = YES_ERROR;
				CLANG_WARN_DOCUMENTATION_COMMENTS = YES;
				CLANG_WARN_EMPTY_BODY = YES;
				CLANG_WARN_ENUM_CONVERSION = YES;
				CLANG_WARN_INFINITE_RECURSION = YES;
				CLANG_WARN_INT_CONVERSION = YES;
				CLANG_WARN_NON_LITERAL_NULL_CONVERSION = YES;
				CLANG_WARN_OBJC_IMPLICIT_RETAIN_SELF = YES;
				CLANG_WARN_OBJC_LITERAL_CONVERSION = YES;
				CLANG_WARN_OBJC_ROOT_CLASS = YES_ERROR;
				CLANG_WARN_QUOTED_INCLUDE_IN_FRAMEWORK_HEADER = YES;
				CLANG_WARN_RANGE_LOOP_ANALYSIS = YES;
				CLANG_WARN_STRICT_PROTOTYPES = YES;
				CLANG_WARN_SUSPICIOUS_MOVE = YES;
				CLANG_WARN_UNGUARDED_AVAILABILITY = YES_AGGRESSIVE;
				CLANG_WARN_UNREACHABLE_CODE = YES;
				CLANG_WARN__DUPLICATE_METHOD_MATCH = YES;
				COPY_PHASE_STRIP = NO;
				DEBUG_INFORMATION_FORMAT = dwarf;
				ENABLE_STRICT_OBJC_MSGSEND = YES;
				ENABLE_TESTABILITY = YES;
				ENABLE_USER_SCRIPT_SANDBOXING = YES;
				GCC_C_LANGUAGE_STANDARD = gnu17;
				GCC_DYNAMIC_NO_PIC = NO;
				GCC_NO_COMMON_BLOCKS = YES;
				GCC_OPTIMIZATION_LEVEL = 0;
				GCC_PREPROCESSOR_DEFINITIONS = (
					"DEBUG=1",
					"$(inherited)",
				);
				GCC_WARN_64_TO_32_BIT_CONVERSION = YES;
				GCC_WARN_ABOUT_RETURN_TYPE = YES_ERROR;
				GCC_WARN_UNDECLARED_SELECTOR = YES;
				GCC_WARN_UNINITIALIZED_AUTOS = YES_AGGRESSIVE;
				GCC_WARN_UNUSED_FUNCTION = YES;
				GCC_WARN_UNUSED_VARIABLE = YES;
				IPHONEOS_DEPLOYMENT_TARGET = 17.4;
				LOCALIZATION_PREFERS_STRING_CATALOGS = YES;
				MTL_ENABLE_DEBUG_INFO = INCLUDE_SOURCE;
				MTL_FAST_MATH = YES;
				ONLY_ACTIVE_ARCH = YES;
				SDKROOT = iphoneos;
				SWIFT_ACTIVE_COMPILATION_CONDITIONS = "DEBUG $(inherited)";
				SWIFT_OPTIMIZATION_LEVEL = "-Onone";
			};
			name = Debug;
		};
		04F1926F2BCE69BD0068376C /* Release */ = {
			isa = XCBuildConfiguration;
			buildSettings = {
				ALWAYS_SEARCH_USER_PATHS = NO;
				ASSETCATALOG_COMPILER_GENERATE_SWIFT_ASSET_SYMBOL_EXTENSIONS = YES;
				CLANG_ANALYZER_NONNULL = YES;
				CLANG_ANALYZER_NUMBER_OBJECT_CONVERSION = YES_AGGRESSIVE;
				CLANG_CXX_LANGUAGE_STANDARD = "gnu++20";
				CLANG_ENABLE_MODULES = YES;
				CLANG_ENABLE_OBJC_ARC = YES;
				CLANG_ENABLE_OBJC_WEAK = YES;
				CLANG_WARN_BLOCK_CAPTURE_AUTORELEASING = YES;
				CLANG_WARN_BOOL_CONVERSION = YES;
				CLANG_WARN_COMMA = YES;
				CLANG_WARN_CONSTANT_CONVERSION = YES;
				CLANG_WARN_DEPRECATED_OBJC_IMPLEMENTATIONS = YES;
				CLANG_WARN_DIRECT_OBJC_ISA_USAGE = YES_ERROR;
				CLANG_WARN_DOCUMENTATION_COMMENTS = YES;
				CLANG_WARN_EMPTY_BODY = YES;
				CLANG_WARN_ENUM_CONVERSION = YES;
				CLANG_WARN_INFINITE_RECURSION = YES;
				CLANG_WARN_INT_CONVERSION = YES;
				CLANG_WARN_NON_LITERAL_NULL_CONVERSION = YES;
				CLANG_WARN_OBJC_IMPLICIT_RETAIN_SELF = YES;
				CLANG_WARN_OBJC_LITERAL_CONVERSION = YES;
				CLANG_WARN_OBJC_ROOT_CLASS = YES_ERROR;
				CLANG_WARN_QUOTED_INCLUDE_IN_FRAMEWORK_HEADER = YES;
				CLANG_WARN_RANGE_LOOP_ANALYSIS = YES;
				CLANG_WARN_STRICT_PROTOTYPES = YES;
				CLANG_WARN_SUSPICIOUS_MOVE = YES;
				CLANG_WARN_UNGUARDED_AVAILABILITY = YES_AGGRESSIVE;
				CLANG_WARN_UNREACHABLE_CODE = YES;
				CLANG_WARN__DUPLICATE_METHOD_MATCH = YES;
				COPY_PHASE_STRIP = NO;
				DEBUG_INFORMATION_FORMAT = "dwarf-with-dsym";
				ENABLE_NS_ASSERTIONS = NO;
				ENABLE_STRICT_OBJC_MSGSEND = YES;
				ENABLE_USER_SCRIPT_SANDBOXING = YES;
				GCC_C_LANGUAGE_STANDARD = gnu17;
				GCC_NO_COMMON_BLOCKS = YES;
				GCC_WARN_64_TO_32_BIT_CONVERSION = YES;
				GCC_WARN_ABOUT_RETURN_TYPE = YES_ERROR;
				GCC_WARN_UNDECLARED_SELECTOR = YES;
				GCC_WARN_UNINITIALIZED_AUTOS = YES_AGGRESSIVE;
				GCC_WARN_UNUSED_FUNCTION = YES;
				GCC_WARN_UNUSED_VARIABLE = YES;
				IPHONEOS_DEPLOYMENT_TARGET = 17.4;
				LOCALIZATION_PREFERS_STRING_CATALOGS = YES;
				MTL_ENABLE_DEBUG_INFO = NO;
				MTL_FAST_MATH = YES;
				SDKROOT = iphoneos;
				SWIFT_COMPILATION_MODE = wholemodule;
				VALIDATE_PRODUCT = YES;
			};
			name = Release;
		};
		04F192712BCE69BD0068376C /* Debug */ = {
			isa = XCBuildConfiguration;
			buildSettings = {
				ASSETCATALOG_COMPILER_APPICON_NAME = AppIcon;
				ASSETCATALOG_COMPILER_GLOBAL_ACCENT_COLOR_NAME = AccentColor;
				CODE_SIGN_STYLE = Automatic;
				CURRENT_PROJECT_VERSION = 1;
				GENERATE_INFOPLIST_FILE = YES;
				INFOPLIST_FILE = iOSBoilerplate/Info.plist;
				INFOPLIST_KEY_UIApplicationSupportsIndirectInputEvents = YES;
				INFOPLIST_KEY_UILaunchStoryboardName = LaunchScreen;
				INFOPLIST_KEY_UIMainStoryboardFile = Main;
				INFOPLIST_KEY_UISupportedInterfaceOrientations_iPad = "UIInterfaceOrientationPortrait UIInterfaceOrientationPortraitUpsideDown UIInterfaceOrientationLandscapeLeft UIInterfaceOrientationLandscapeRight";
				INFOPLIST_KEY_UISupportedInterfaceOrientations_iPhone = "UIInterfaceOrientationPortrait UIInterfaceOrientationLandscapeLeft UIInterfaceOrientationLandscapeRight";
				LD_RUNPATH_SEARCH_PATHS = (
					"$(inherited)",
					"@executable_path/Frameworks",
				);
				MARKETING_VERSION = 1.0;
				PRODUCT_BUNDLE_IDENTIFIER = com.gabe.iOSBoilerplate;
				PRODUCT_NAME = "$(TARGET_NAME)";
				SWIFT_EMIT_LOC_STRINGS = YES;
				SWIFT_VERSION = 5.0;
				TARGETED_DEVICE_FAMILY = "1,2";
			};
			name = Debug;
		};
		04F192722BCE69BD0068376C /* Release */ = {
			isa = XCBuildConfiguration;
			buildSettings = {
				ASSETCATALOG_COMPILER_APPICON_NAME = AppIcon;
				ASSETCATALOG_COMPILER_GLOBAL_ACCENT_COLOR_NAME = AccentColor;
				CODE_SIGN_STYLE = Automatic;
				CURRENT_PROJECT_VERSION = 1;
				GENERATE_INFOPLIST_FILE = YES;
				INFOPLIST_FILE = iOSBoilerplate/Info.plist;
				INFOPLIST_KEY_UIApplicationSupportsIndirectInputEvents = YES;
				INFOPLIST_KEY_UILaunchStoryboardName = LaunchScreen;
				INFOPLIST_KEY_UIMainStoryboardFile = Main;
				INFOPLIST_KEY_UISupportedInterfaceOrientations_iPad = "UIInterfaceOrientationPortrait UIInterfaceOrientationPortraitUpsideDown UIInterfaceOrientationLandscapeLeft UIInterfaceOrientationLandscapeRight";
				INFOPLIST_KEY_UISupportedInterfaceOrientations_iPhone = "UIInterfaceOrientationPortrait UIInterfaceOrientationLandscapeLeft UIInterfaceOrientationLandscapeRight";
				LD_RUNPATH_SEARCH_PATHS = (
					"$(inherited)",
					"@executable_path/Frameworks",
				);
				MARKETING_VERSION = 1.0;
				PRODUCT_BUNDLE_IDENTIFIER = com.gabe.iOSBoilerplate;
				PRODUCT_NAME = "$(TARGET_NAME)";
				SWIFT_EMIT_LOC_STRINGS = YES;
				SWIFT_VERSION = 5.0;
				TARGETED_DEVICE_FAMILY = "1,2";
			};
			name = Release;
		};
		04F192742BCE69BD0068376C /* Debug */ = {
			isa = XCBuildConfiguration;
			buildSettings = {
				ALWAYS_EMBED_SWIFT_STANDARD_LIBRARIES = YES;
				BUNDLE_LOADER = "$(TEST_HOST)";
				CODE_SIGN_STYLE = Automatic;
				CURRENT_PROJECT_VERSION = 1;
				GENERATE_INFOPLIST_FILE = YES;
				IPHONEOS_DEPLOYMENT_TARGET = 17.4;
				MARKETING_VERSION = 1.0;
				PRODUCT_BUNDLE_IDENTIFIER = com.gabe.iOSBoilerplateTests;
				PRODUCT_NAME = "$(TARGET_NAME)";
				SWIFT_EMIT_LOC_STRINGS = NO;
				SWIFT_VERSION = 5.0;
				TARGETED_DEVICE_FAMILY = "1,2";
				TEST_HOST = "$(BUILT_PRODUCTS_DIR)/iOSBoilerplate.app/$(BUNDLE_EXECUTABLE_FOLDER_PATH)/iOSBoilerplate";
			};
			name = Debug;
		};
		04F192752BCE69BD0068376C /* Release */ = {
			isa = XCBuildConfiguration;
			buildSettings = {
				ALWAYS_EMBED_SWIFT_STANDARD_LIBRARIES = YES;
				BUNDLE_LOADER = "$(TEST_HOST)";
				CODE_SIGN_STYLE = Automatic;
				CURRENT_PROJECT_VERSION = 1;
				GENERATE_INFOPLIST_FILE = YES;
				IPHONEOS_DEPLOYMENT_TARGET = 17.4;
				MARKETING_VERSION = 1.0;
				PRODUCT_BUNDLE_IDENTIFIER = com.gabe.iOSBoilerplateTests;
				PRODUCT_NAME = "$(TARGET_NAME)";
				SWIFT_EMIT_LOC_STRINGS = NO;
				SWIFT_VERSION = 5.0;
				TARGETED_DEVICE_FAMILY = "1,2";
				TEST_HOST = "$(BUILT_PRODUCTS_DIR)/iOSBoilerplate.app/$(BUNDLE_EXECUTABLE_FOLDER_PATH)/iOSBoilerplate";
			};
			name = Release;
		};
		04F192772BCE69BD0068376C /* Debug */ = {
			isa = XCBuildConfiguration;
			buildSettings = {
				ALWAYS_EMBED_SWIFT_STANDARD_LIBRARIES = YES;
				CODE_SIGN_STYLE = Automatic;
				CURRENT_PROJECT_VERSION = 1;
				GENERATE_INFOPLIST_FILE = YES;
				MARKETING_VERSION = 1.0;
				PRODUCT_BUNDLE_IDENTIFIER = com.gabe.iOSBoilerplateUITests;
				PRODUCT_NAME = "$(TARGET_NAME)";
				SWIFT_EMIT_LOC_STRINGS = NO;
				SWIFT_VERSION = 5.0;
				TARGETED_DEVICE_FAMILY = "1,2";
				TEST_TARGET_NAME = iOSBoilerplate;
			};
			name = Debug;
		};
		04F192782BCE69BD0068376C /* Release */ = {
			isa = XCBuildConfiguration;
			buildSettings = {
				ALWAYS_EMBED_SWIFT_STANDARD_LIBRARIES = YES;
				CODE_SIGN_STYLE = Automatic;
				CURRENT_PROJECT_VERSION = 1;
				GENERATE_INFOPLIST_FILE = YES;
				MARKETING_VERSION = 1.0;
				PRODUCT_BUNDLE_IDENTIFIER = com.gabe.iOSBoilerplateUITests;
				PRODUCT_NAME = "$(TARGET_NAME)";
				SWIFT_EMIT_LOC_STRINGS = NO;
				SWIFT_VERSION = 5.0;
				TARGETED_DEVICE_FAMILY = "1,2";
				TEST_TARGET_NAME = iOSBoilerplate;
			};
			name = Release;
		};
/* End XCBuildConfiguration section */

/* Begin XCConfigurationList section */
		04F192412BCE69BC0068376C /* Build configuration list for PBXProject "iOSBoilerplate" */ = {
			isa = XCConfigurationList;
			buildConfigurations = (
				04F1926E2BCE69BD0068376C /* Debug */,
				04F1926F2BCE69BD0068376C /* Release */,
			);
			defaultConfigurationIsVisible = 0;
			defaultConfigurationName = Release;
		};
		04F192702BCE69BD0068376C /* Build configuration list for PBXNativeTarget "iOSBoilerplate" */ = {
			isa = XCConfigurationList;
			buildConfigurations = (
				04F192712BCE69BD0068376C /* Debug */,
				04F192722BCE69BD0068376C /* Release */,
			);
			defaultConfigurationIsVisible = 0;
			defaultConfigurationName = Release;
		};
		04F192732BCE69BD0068376C /* Build configuration list for PBXNativeTarget "iOSBoilerplateTests" */ = {
			isa = XCConfigurationList;
			buildConfigurations = (
				04F192742BCE69BD0068376C /* Debug */,
				04F192752BCE69BD0068376C /* Release */,
			);
			defaultConfigurationIsVisible = 0;
			defaultConfigurationName = Release;
		};
		04F192762BCE69BD0068376C /* Build configuration list for PBXNativeTarget "iOSBoilerplateUITests" */ = {
			isa = XCConfigurationList;
			buildConfigurations = (
				04F192772BCE69BD0068376C /* Debug */,
				04F192782BCE69BD0068376C /* Release */,
			);
			defaultConfigurationIsVisible = 0;
			defaultConfigurationName = Release;
		};
/* End XCConfigurationList section */
	};
	rootObject = 04F1923E2BCE69BC0068376C /* Project object */;
}
